// !$*UTF8*$!
{
	archiveVersion = 1;
	classes = {
	};
	objectVersion = 51;
	objects = {

/* Begin PBXBuildFile section */
		A216A577971E24BCAAF7A14A /* Pods_IDIllust.framework in Frameworks */ = {isa = PBXBuildFile; fileRef = A0F60B69323A78C0C7AA2367 /* Pods_IDIllust.framework */; };
		A506C98C25426CD100E6BCE6 /* ComponentsUseCase.swift in Sources */ = {isa = PBXBuildFile; fileRef = A506C98B25426CD100E6BCE6 /* ComponentsUseCase.swift */; };
		A506C99A254272D100E6BCE6 /* RetrieveModelFromServer.swift in Sources */ = {isa = PBXBuildFile; fileRef = A506C999254272D100E6BCE6 /* RetrieveModelFromServer.swift */; };
		A506C9A12542758200E6BCE6 /* RetrieveModelFromServerTests.swift in Sources */ = {isa = PBXBuildFile; fileRef = A506C9A02542758200E6BCE6 /* RetrieveModelFromServerTests.swift */; };
		A50E3A9B254960750004DEA7 /* ComponentColor.swift in Sources */ = {isa = PBXBuildFile; fileRef = A50E3A9A254960750004DEA7 /* ComponentColor.swift */; };
		A50E3AA2254962700004DEA7 /* ComponentColors.swift in Sources */ = {isa = PBXBuildFile; fileRef = A50E3AA1254962700004DEA7 /* ComponentColors.swift */; };
		A50E3AA82549660A0004DEA7 /* ModelManageable.swift in Sources */ = {isa = PBXBuildFile; fileRef = A50E3AA72549660A0004DEA7 /* ModelManageable.swift */; };
		A50E3AAC254972AD0004DEA7 /* ModelManageableTests.swift in Sources */ = {isa = PBXBuildFile; fileRef = A50E3AAB254972AD0004DEA7 /* ModelManageableTests.swift */; };
		A521F0082543DD8B0002031A /* MockNetworkManagers.swift in Sources */ = {isa = PBXBuildFile; fileRef = A521F0072543DD8B0002031A /* MockNetworkManagers.swift */; };
		A521F0142543FEA00002031A /* ComponentsUseCaseTests.swift in Sources */ = {isa = PBXBuildFile; fileRef = A521F0132543FEA00002031A /* ComponentsUseCaseTests.swift */; };
		A521F021254557BB0002031A /* Categories.swift in Sources */ = {isa = PBXBuildFile; fileRef = A521F020254557BB0002031A /* Categories.swift */; };
		A52D704E253D50FE0071613B /* NetworkManager.swift in Sources */ = {isa = PBXBuildFile; fileRef = A52D704D253D50FE0071613B /* NetworkManager.swift */; };
		A52D7056253D51280071613B /* HTTPMethod.swift in Sources */ = {isa = PBXBuildFile; fileRef = A52D7055253D51280071613B /* HTTPMethod.swift */; };
		A52D705B253D51440071613B /* HTTPHeaders.swift in Sources */ = {isa = PBXBuildFile; fileRef = A52D705A253D51440071613B /* HTTPHeaders.swift */; };
		A52D7060253D515A0071613B /* NetworkError.swift in Sources */ = {isa = PBXBuildFile; fileRef = A52D705F253D515A0071613B /* NetworkError.swift */; };
		A52D7065253D51770071613B /* NetworkManageable.swift in Sources */ = {isa = PBXBuildFile; fileRef = A52D7064253D51770071613B /* NetworkManageable.swift */; };
		A53241E8253D9B3D004FEF3C /* EntryImageUseCaseTests.swift in Sources */ = {isa = PBXBuildFile; fileRef = A53241E7253D9B3D004FEF3C /* EntryImageUseCaseTests.swift */; };
		A53241F1253DAF8F004FEF3C /* UseCaseError.swift in Sources */ = {isa = PBXBuildFile; fileRef = A53241F0253DAF8F004FEF3C /* UseCaseError.swift */; };
		A532D2D72505094A009361DC /* CustomizeViewController.swift in Sources */ = {isa = PBXBuildFile; fileRef = A532D2D62505094A009361DC /* CustomizeViewController.swift */; };
		A534809725481E40001C039E /* CategoryComponentManager.swift in Sources */ = {isa = PBXBuildFile; fileRef = A534809625481E40001C039E /* CategoryComponentManager.swift */; };
		A534809B25481E53001C039E /* CategoryComponentManagerTests.swift in Sources */ = {isa = PBXBuildFile; fileRef = A534809A25481E53001C039E /* CategoryComponentManagerTests.swift */; };
		A5434F0B2538238D00782F2C /* ComponentCollectionView.swift in Sources */ = {isa = PBXBuildFile; fileRef = A5434F0A2538238D00782F2C /* ComponentCollectionView.swift */; };
		A5511436253B22040068A4D2 /* ColorSelectViewController.swift in Sources */ = {isa = PBXBuildFile; fileRef = A5511435253B22040068A4D2 /* ColorSelectViewController.swift */; };
		A551143E253B224B0068A4D2 /* ColorSelectCollectionViewCell.swift in Sources */ = {isa = PBXBuildFile; fileRef = A551143D253B224B0068A4D2 /* ColorSelectCollectionViewCell.swift */; };
		A5511444253B2E880068A4D2 /* UIDevice.swift in Sources */ = {isa = PBXBuildFile; fileRef = A5511443253B2E880068A4D2 /* UIDevice.swift */; };
		A5511454253B5C540068A4D2 /* CornerRadiusView.swift in Sources */ = {isa = PBXBuildFile; fileRef = A5511453253B5C540068A4D2 /* CornerRadiusView.swift */; };
		A5844A98253D66B300A24256 /* EndPoint.swift in Sources */ = {isa = PBXBuildFile; fileRef = A5844A97253D66B300A24256 /* EndPoint.swift */; };
		A5844A9C253D67B600A24256 /* EndPointTests.swift in Sources */ = {isa = PBXBuildFile; fileRef = A5844A9B253D67B600A24256 /* EndPointTests.swift */; };
		A5844AA4253D6A8600A24256 /* EntryImage.swift in Sources */ = {isa = PBXBuildFile; fileRef = A5844AA3253D6A8600A24256 /* EntryImage.swift */; };
		A5844AA9253D6B0D00A24256 /* EntryImageUseCase.swift in Sources */ = {isa = PBXBuildFile; fileRef = A5844AA8253D6B0D00A24256 /* EntryImageUseCase.swift */; };
		A5AEDF44253F69700083F3D2 /* UICollectionView.swift in Sources */ = {isa = PBXBuildFile; fileRef = A5AEDF43253F69700083F3D2 /* UICollectionView.swift */; };
		A5AEDF4D253FCDA10083F3D2 /* Component.swift in Sources */ = {isa = PBXBuildFile; fileRef = A5AEDF4C253FCDA10083F3D2 /* Component.swift */; };
		A5AEDF56253FF3670083F3D2 /* Components.swift in Sources */ = {isa = PBXBuildFile; fileRef = A5AEDF55253FF3660083F3D2 /* Components.swift */; };
		A5C8D8EF253D5B94002ADD9E /* NetworkTests.swift in Sources */ = {isa = PBXBuildFile; fileRef = A5C8D8EE253D5B94002ADD9E /* NetworkTests.swift */; };
		A5EDB6142531B90B00E6078B /* CategoryCollectionViewCell.swift in Sources */ = {isa = PBXBuildFile; fileRef = A5EDB6132531B90B00E6078B /* CategoryCollectionViewCell.swift */; };
		A5EDB61925321E9C00E6078B /* CategoryCollectionViewDataSource.swift in Sources */ = {isa = PBXBuildFile; fileRef = A5EDB61825321E9C00E6078B /* CategoryCollectionViewDataSource.swift */; };
		A5EDB61E2532220C00E6078B /* ComponentCollectionViewDataSource.swift in Sources */ = {isa = PBXBuildFile; fileRef = A5EDB61D2532220C00E6078B /* ComponentCollectionViewDataSource.swift */; };
		A5EDB6252532228900E6078B /* ComponentCollectionViewCell.swift in Sources */ = {isa = PBXBuildFile; fileRef = A5EDB6242532228900E6078B /* ComponentCollectionViewCell.swift */; };
		A5EEC10A253F5FC60048A13D /* Category.swift in Sources */ = {isa = PBXBuildFile; fileRef = A5EEC109253F5FC60048A13D /* Category.swift */; };
		A5EEC115253F63200048A13D /* CategoriesUseCase.swift in Sources */ = {isa = PBXBuildFile; fileRef = A5EEC114253F63200048A13D /* CategoriesUseCase.swift */; };
		A5EEC119253F64620048A13D /* CategoryUseCaseTests.swift in Sources */ = {isa = PBXBuildFile; fileRef = A5EEC118253F64620048A13D /* CategoryUseCaseTests.swift */; };
		A5F893422500A8C7002258EA /* AppDelegate.swift in Sources */ = {isa = PBXBuildFile; fileRef = A5F893412500A8C7002258EA /* AppDelegate.swift */; };
		A5F893442500A8C7002258EA /* SceneDelegate.swift in Sources */ = {isa = PBXBuildFile; fileRef = A5F893432500A8C7002258EA /* SceneDelegate.swift */; };
		A5F893462500A8C7002258EA /* EntryViewController.swift in Sources */ = {isa = PBXBuildFile; fileRef = A5F893452500A8C7002258EA /* EntryViewController.swift */; };
		A5F893492500A8C7002258EA /* Main.storyboard in Resources */ = {isa = PBXBuildFile; fileRef = A5F893472500A8C7002258EA /* Main.storyboard */; };
		A5F8934B2500A8C8002258EA /* Assets.xcassets in Resources */ = {isa = PBXBuildFile; fileRef = A5F8934A2500A8C8002258EA /* Assets.xcassets */; };
		A5F8934E2500A8C8002258EA /* LaunchScreen.storyboard in Resources */ = {isa = PBXBuildFile; fileRef = A5F8934C2500A8C8002258EA /* LaunchScreen.storyboard */; };
		A5F9DC862501C7A200DAF991 /* BorderPaddingButton.swift in Sources */ = {isa = PBXBuildFile; fileRef = A5F9DC852501C7A200DAF991 /* BorderPaddingButton.swift */; };
/* End PBXBuildFile section */

/* Begin PBXContainerItemProxy section */
		A5F893552500A8C8002258EA /* PBXContainerItemProxy */ = {
			isa = PBXContainerItemProxy;
			containerPortal = A5F893362500A8C7002258EA /* Project object */;
			proxyType = 1;
			remoteGlobalIDString = A5F8933D2500A8C7002258EA;
			remoteInfo = IDIllust;
		};
/* End PBXContainerItemProxy section */

/* Begin PBXFileReference section */
		0889157591D15CEC47BF07AC /* Pods-IDIllust.release.xcconfig */ = {isa = PBXFileReference; includeInIndex = 1; lastKnownFileType = text.xcconfig; name = "Pods-IDIllust.release.xcconfig"; path = "Target Support Files/Pods-IDIllust/Pods-IDIllust.release.xcconfig"; sourceTree = "<group>"; };
		9A72923A735E012E2005AE0D /* Pods-IDIllust.debug.xcconfig */ = {isa = PBXFileReference; includeInIndex = 1; lastKnownFileType = text.xcconfig; name = "Pods-IDIllust.debug.xcconfig"; path = "Target Support Files/Pods-IDIllust/Pods-IDIllust.debug.xcconfig"; sourceTree = "<group>"; };
		A0F60B69323A78C0C7AA2367 /* Pods_IDIllust.framework */ = {isa = PBXFileReference; explicitFileType = wrapper.framework; includeInIndex = 0; path = Pods_IDIllust.framework; sourceTree = BUILT_PRODUCTS_DIR; };
		A506C98B25426CD100E6BCE6 /* ComponentsUseCase.swift */ = {isa = PBXFileReference; lastKnownFileType = sourcecode.swift; path = ComponentsUseCase.swift; sourceTree = "<group>"; };
		A506C999254272D100E6BCE6 /* RetrieveModelFromServer.swift */ = {isa = PBXFileReference; lastKnownFileType = sourcecode.swift; path = RetrieveModelFromServer.swift; sourceTree = "<group>"; };
		A506C9A02542758200E6BCE6 /* RetrieveModelFromServerTests.swift */ = {isa = PBXFileReference; lastKnownFileType = sourcecode.swift; path = RetrieveModelFromServerTests.swift; sourceTree = "<group>"; };
		A50E3A9A254960750004DEA7 /* ComponentColor.swift */ = {isa = PBXFileReference; lastKnownFileType = sourcecode.swift; path = ComponentColor.swift; sourceTree = "<group>"; };
		A50E3AA1254962700004DEA7 /* ComponentColors.swift */ = {isa = PBXFileReference; lastKnownFileType = sourcecode.swift; path = ComponentColors.swift; sourceTree = "<group>"; };
		A50E3AA72549660A0004DEA7 /* ModelManageable.swift */ = {isa = PBXFileReference; lastKnownFileType = sourcecode.swift; path = ModelManageable.swift; sourceTree = "<group>"; };
		A50E3AAB254972AD0004DEA7 /* ModelManageableTests.swift */ = {isa = PBXFileReference; lastKnownFileType = sourcecode.swift; path = ModelManageableTests.swift; sourceTree = "<group>"; };
		A521F0072543DD8B0002031A /* MockNetworkManagers.swift */ = {isa = PBXFileReference; lastKnownFileType = sourcecode.swift; path = MockNetworkManagers.swift; sourceTree = "<group>"; };
		A521F0132543FEA00002031A /* ComponentsUseCaseTests.swift */ = {isa = PBXFileReference; lastKnownFileType = sourcecode.swift; path = ComponentsUseCaseTests.swift; sourceTree = "<group>"; };
		A521F020254557BB0002031A /* Categories.swift */ = {isa = PBXFileReference; lastKnownFileType = sourcecode.swift; path = Categories.swift; sourceTree = "<group>"; };
		A52D704D253D50FE0071613B /* NetworkManager.swift */ = {isa = PBXFileReference; lastKnownFileType = sourcecode.swift; path = NetworkManager.swift; sourceTree = "<group>"; };
		A52D7055253D51280071613B /* HTTPMethod.swift */ = {isa = PBXFileReference; lastKnownFileType = sourcecode.swift; path = HTTPMethod.swift; sourceTree = "<group>"; };
		A52D705A253D51440071613B /* HTTPHeaders.swift */ = {isa = PBXFileReference; lastKnownFileType = sourcecode.swift; path = HTTPHeaders.swift; sourceTree = "<group>"; };
		A52D705F253D515A0071613B /* NetworkError.swift */ = {isa = PBXFileReference; lastKnownFileType = sourcecode.swift; path = NetworkError.swift; sourceTree = "<group>"; };
		A52D7064253D51770071613B /* NetworkManageable.swift */ = {isa = PBXFileReference; lastKnownFileType = sourcecode.swift; path = NetworkManageable.swift; sourceTree = "<group>"; };
		A53241E7253D9B3D004FEF3C /* EntryImageUseCaseTests.swift */ = {isa = PBXFileReference; lastKnownFileType = sourcecode.swift; path = EntryImageUseCaseTests.swift; sourceTree = "<group>"; };
		A53241F0253DAF8F004FEF3C /* UseCaseError.swift */ = {isa = PBXFileReference; lastKnownFileType = sourcecode.swift; path = UseCaseError.swift; sourceTree = "<group>"; };
		A532D2D62505094A009361DC /* CustomizeViewController.swift */ = {isa = PBXFileReference; lastKnownFileType = sourcecode.swift; path = CustomizeViewController.swift; sourceTree = "<group>"; };
		A534809625481E40001C039E /* CategoryComponentManager.swift */ = {isa = PBXFileReference; lastKnownFileType = sourcecode.swift; path = CategoryComponentManager.swift; sourceTree = "<group>"; };
		A534809A25481E53001C039E /* CategoryComponentManagerTests.swift */ = {isa = PBXFileReference; lastKnownFileType = sourcecode.swift; path = CategoryComponentManagerTests.swift; sourceTree = "<group>"; };
		A5434F0A2538238D00782F2C /* ComponentCollectionView.swift */ = {isa = PBXFileReference; lastKnownFileType = sourcecode.swift; path = ComponentCollectionView.swift; sourceTree = "<group>"; };
		A5511435253B22040068A4D2 /* ColorSelectViewController.swift */ = {isa = PBXFileReference; lastKnownFileType = sourcecode.swift; path = ColorSelectViewController.swift; sourceTree = "<group>"; };
		A551143D253B224B0068A4D2 /* ColorSelectCollectionViewCell.swift */ = {isa = PBXFileReference; lastKnownFileType = sourcecode.swift; path = ColorSelectCollectionViewCell.swift; sourceTree = "<group>"; };
		A5511443253B2E880068A4D2 /* UIDevice.swift */ = {isa = PBXFileReference; lastKnownFileType = sourcecode.swift; path = UIDevice.swift; sourceTree = "<group>"; };
		A5511453253B5C540068A4D2 /* CornerRadiusView.swift */ = {isa = PBXFileReference; lastKnownFileType = sourcecode.swift; path = CornerRadiusView.swift; sourceTree = "<group>"; };
		A5844A97253D66B300A24256 /* EndPoint.swift */ = {isa = PBXFileReference; lastKnownFileType = sourcecode.swift; path = EndPoint.swift; sourceTree = "<group>"; };
		A5844A9B253D67B600A24256 /* EndPointTests.swift */ = {isa = PBXFileReference; lastKnownFileType = sourcecode.swift; path = EndPointTests.swift; sourceTree = "<group>"; };
		A5844AA3253D6A8600A24256 /* EntryImage.swift */ = {isa = PBXFileReference; lastKnownFileType = sourcecode.swift; path = EntryImage.swift; sourceTree = "<group>"; };
		A5844AA8253D6B0D00A24256 /* EntryImageUseCase.swift */ = {isa = PBXFileReference; lastKnownFileType = sourcecode.swift; path = EntryImageUseCase.swift; sourceTree = "<group>"; };
		A5AEDF43253F69700083F3D2 /* UICollectionView.swift */ = {isa = PBXFileReference; lastKnownFileType = sourcecode.swift; path = UICollectionView.swift; sourceTree = "<group>"; };
		A5AEDF4C253FCDA10083F3D2 /* Component.swift */ = {isa = PBXFileReference; lastKnownFileType = sourcecode.swift; path = Component.swift; sourceTree = "<group>"; };
		A5AEDF55253FF3660083F3D2 /* Components.swift */ = {isa = PBXFileReference; lastKnownFileType = sourcecode.swift; path = Components.swift; sourceTree = "<group>"; };
		A5C8D8EE253D5B94002ADD9E /* NetworkTests.swift */ = {isa = PBXFileReference; lastKnownFileType = sourcecode.swift; path = NetworkTests.swift; sourceTree = "<group>"; };
		A5EDB6132531B90B00E6078B /* CategoryCollectionViewCell.swift */ = {isa = PBXFileReference; lastKnownFileType = sourcecode.swift; path = CategoryCollectionViewCell.swift; sourceTree = "<group>"; };
		A5EDB61825321E9C00E6078B /* CategoryCollectionViewDataSource.swift */ = {isa = PBXFileReference; lastKnownFileType = sourcecode.swift; path = CategoryCollectionViewDataSource.swift; sourceTree = "<group>"; };
		A5EDB61D2532220C00E6078B /* ComponentCollectionViewDataSource.swift */ = {isa = PBXFileReference; lastKnownFileType = sourcecode.swift; path = ComponentCollectionViewDataSource.swift; sourceTree = "<group>"; };
		A5EDB6242532228900E6078B /* ComponentCollectionViewCell.swift */ = {isa = PBXFileReference; lastKnownFileType = sourcecode.swift; path = ComponentCollectionViewCell.swift; sourceTree = "<group>"; };
		A5EEC109253F5FC60048A13D /* Category.swift */ = {isa = PBXFileReference; lastKnownFileType = sourcecode.swift; path = Category.swift; sourceTree = "<group>"; };
		A5EEC114253F63200048A13D /* CategoriesUseCase.swift */ = {isa = PBXFileReference; lastKnownFileType = sourcecode.swift; path = CategoriesUseCase.swift; sourceTree = "<group>"; };
		A5EEC118253F64620048A13D /* CategoryUseCaseTests.swift */ = {isa = PBXFileReference; lastKnownFileType = sourcecode.swift; path = CategoryUseCaseTests.swift; sourceTree = "<group>"; };
		A5F8933E2500A8C7002258EA /* IDIllust.app */ = {isa = PBXFileReference; explicitFileType = wrapper.application; includeInIndex = 0; path = IDIllust.app; sourceTree = BUILT_PRODUCTS_DIR; };
		A5F893412500A8C7002258EA /* AppDelegate.swift */ = {isa = PBXFileReference; lastKnownFileType = sourcecode.swift; path = AppDelegate.swift; sourceTree = "<group>"; };
		A5F893432500A8C7002258EA /* SceneDelegate.swift */ = {isa = PBXFileReference; lastKnownFileType = sourcecode.swift; path = SceneDelegate.swift; sourceTree = "<group>"; };
		A5F893452500A8C7002258EA /* EntryViewController.swift */ = {isa = PBXFileReference; lastKnownFileType = sourcecode.swift; path = EntryViewController.swift; sourceTree = "<group>"; };
		A5F893482500A8C7002258EA /* Base */ = {isa = PBXFileReference; lastKnownFileType = file.storyboard; name = Base; path = Base.lproj/Main.storyboard; sourceTree = "<group>"; };
		A5F8934A2500A8C8002258EA /* Assets.xcassets */ = {isa = PBXFileReference; lastKnownFileType = folder.assetcatalog; path = Assets.xcassets; sourceTree = "<group>"; };
		A5F8934D2500A8C8002258EA /* Base */ = {isa = PBXFileReference; lastKnownFileType = file.storyboard; name = Base; path = Base.lproj/LaunchScreen.storyboard; sourceTree = "<group>"; };
		A5F8934F2500A8C8002258EA /* Info.plist */ = {isa = PBXFileReference; lastKnownFileType = text.plist.xml; path = Info.plist; sourceTree = "<group>"; };
		A5F893542500A8C8002258EA /* IDIllustTests.xctest */ = {isa = PBXFileReference; explicitFileType = wrapper.cfbundle; includeInIndex = 0; path = IDIllustTests.xctest; sourceTree = BUILT_PRODUCTS_DIR; };
		A5F8935A2500A8C8002258EA /* Info.plist */ = {isa = PBXFileReference; lastKnownFileType = text.plist.xml; path = Info.plist; sourceTree = "<group>"; };
		A5F9DC852501C7A200DAF991 /* BorderPaddingButton.swift */ = {isa = PBXFileReference; lastKnownFileType = sourcecode.swift; path = BorderPaddingButton.swift; sourceTree = "<group>"; };
/* End PBXFileReference section */

/* Begin PBXFrameworksBuildPhase section */
		A5F8933B2500A8C7002258EA /* Frameworks */ = {
			isa = PBXFrameworksBuildPhase;
			buildActionMask = 2147483647;
			files = (
				A216A577971E24BCAAF7A14A /* Pods_IDIllust.framework in Frameworks */,
			);
			runOnlyForDeploymentPostprocessing = 0;
		};
		A5F893512500A8C8002258EA /* Frameworks */ = {
			isa = PBXFrameworksBuildPhase;
			buildActionMask = 2147483647;
			files = (
			);
			runOnlyForDeploymentPostprocessing = 0;
		};
/* End PBXFrameworksBuildPhase section */

/* Begin PBXGroup section */
		4E356F84D63D8A3F17C54249 /* Frameworks */ = {
			isa = PBXGroup;
			children = (
				A0F60B69323A78C0C7AA2367 /* Pods_IDIllust.framework */,
			);
			name = Frameworks;
			sourceTree = "<group>";
		};
		A506C9982542729100E6BCE6 /* Protocols */ = {
			isa = PBXGroup;
			children = (
				A506C999254272D100E6BCE6 /* RetrieveModelFromServer.swift */,
				A50E3AA72549660A0004DEA7 /* ModelManageable.swift */,
			);
			path = Protocols;
			sourceTree = "<group>";
		};
		A506C99F2542756900E6BCE6 /* Protocol */ = {
			isa = PBXGroup;
			children = (
				A506C9A02542758200E6BCE6 /* RetrieveModelFromServerTests.swift */,
				A50E3AAB254972AD0004DEA7 /* ModelManageableTests.swift */,
			);
			path = Protocol;
			sourceTree = "<group>";
		};
		A50E3A992549606A0004DEA7 /* ColorSelectView */ = {
			isa = PBXGroup;
			children = (
				A50E3A9A254960750004DEA7 /* ComponentColor.swift */,
			);
			path = ColorSelectView;
			sourceTree = "<group>";
		};
		A50E3AA0254962550004DEA7 /* Extension */ = {
			isa = PBXGroup;
			children = (
				A5AEDF55253FF3660083F3D2 /* Components.swift */,
				A521F020254557BB0002031A /* Categories.swift */,
				A50E3AA1254962700004DEA7 /* ComponentColors.swift */,
			);
			path = Extension;
			sourceTree = "<group>";
		};
		A52D704C253D50AF0071613B /* Network */ = {
			isa = PBXGroup;
			children = (
				A52D704D253D50FE0071613B /* NetworkManager.swift */,
				A52D7055253D51280071613B /* HTTPMethod.swift */,
				A52D705A253D51440071613B /* HTTPHeaders.swift */,
				A52D7064253D51770071613B /* NetworkManageable.swift */,
				A5844A97253D66B300A24256 /* EndPoint.swift */,
			);
			path = Network;
			sourceTree = "<group>";
		};
		A53241EF253DAF80004FEF3C /* Errors */ = {
			isa = PBXGroup;
			children = (
				A53241F0253DAF8F004FEF3C /* UseCaseError.swift */,
				A52D705F253D515A0071613B /* NetworkError.swift */,
			);
			path = Errors;
			sourceTree = "<group>";
		};
		A532D2D525050933009361DC /* CustomizeView */ = {
			isa = PBXGroup;
			children = (
				A5EEC113253F63090048A13D /* UseCase */,
				A5EDB6232532226A00E6078B /* ComponentCollectionView */,
				A5EDB6222532225A00E6078B /* CategoryCollectionView */,
				A532D2D62505094A009361DC /* CustomizeViewController.swift */,
			);
			path = CustomizeView;
			sourceTree = "<group>";
		};
		A5511434253B21F50068A4D2 /* ColorSelectView */ = {
			isa = PBXGroup;
			children = (
				A5511435253B22040068A4D2 /* ColorSelectViewController.swift */,
				A551143D253B224B0068A4D2 /* ColorSelectCollectionViewCell.swift */,
			);
			path = ColorSelectView;
			sourceTree = "<group>";
		};
		A5511442253B2E700068A4D2 /* Extensions */ = {
			isa = PBXGroup;
			children = (
				A5511443253B2E880068A4D2 /* UIDevice.swift */,
				A5AEDF43253F69700083F3D2 /* UICollectionView.swift */,
			);
			path = Extensions;
			sourceTree = "<group>";
		};
		A5844AA1253D6A7400A24256 /* Model */ = {
			isa = PBXGroup;
			children = (
				A50E3A992549606A0004DEA7 /* ColorSelectView */,
				A5EEC107253F5F880048A13D /* CustomizeView */,
				A5844AA2253D6A7800A24256 /* EntrtyView */,
			);
			path = Model;
			sourceTree = "<group>";
		};
		A5844AA2253D6A7800A24256 /* EntrtyView */ = {
			isa = PBXGroup;
			children = (
				A5844AA3253D6A8600A24256 /* EntryImage.swift */,
			);
			path = EntrtyView;
			sourceTree = "<group>";
		};
		A5EDB6222532225A00E6078B /* CategoryCollectionView */ = {
			isa = PBXGroup;
			children = (
				A5EDB6132531B90B00E6078B /* CategoryCollectionViewCell.swift */,
				A5EDB61825321E9C00E6078B /* CategoryCollectionViewDataSource.swift */,
			);
			path = CategoryCollectionView;
			sourceTree = "<group>";
		};
		A5EDB6232532226A00E6078B /* ComponentCollectionView */ = {
			isa = PBXGroup;
			children = (
				A5EDB61D2532220C00E6078B /* ComponentCollectionViewDataSource.swift */,
				A5EDB6242532228900E6078B /* ComponentCollectionViewCell.swift */,
				A5434F0A2538238D00782F2C /* ComponentCollectionView.swift */,
			);
			path = ComponentCollectionView;
			sourceTree = "<group>";
		};
		A5EEC107253F5F880048A13D /* CustomizeView */ = {
			isa = PBXGroup;
			children = (
				A5EEC109253F5FC60048A13D /* Category.swift */,
				A5AEDF4C253FCDA10083F3D2 /* Component.swift */,
				A534809625481E40001C039E /* CategoryComponentManager.swift */,
			);
			path = CustomizeView;
			sourceTree = "<group>";
		};
		A5EEC113253F63090048A13D /* UseCase */ = {
			isa = PBXGroup;
			children = (
				A5EEC114253F63200048A13D /* CategoriesUseCase.swift */,
				A506C98B25426CD100E6BCE6 /* ComponentsUseCase.swift */,
			);
			path = UseCase;
			sourceTree = "<group>";
		};
		A5EEC11C253F64640048A13D /* UseCase */ = {
			isa = PBXGroup;
			children = (
				A53241E7253D9B3D004FEF3C /* EntryImageUseCaseTests.swift */,
				A5EEC118253F64620048A13D /* CategoryUseCaseTests.swift */,
				A521F0132543FEA00002031A /* ComponentsUseCaseTests.swift */,
			);
			path = UseCase;
			sourceTree = "<group>";
		};
		A5F893352500A8C7002258EA = {
			isa = PBXGroup;
			children = (
				A5F893402500A8C7002258EA /* IDIllust */,
				A5F893572500A8C8002258EA /* IDIllustTests */,
				A5F8933F2500A8C7002258EA /* Products */,
				DBDADF95D6E23B76BFCE589C /* Pods */,
				4E356F84D63D8A3F17C54249 /* Frameworks */,
			);
			sourceTree = "<group>";
		};
		A5F8933F2500A8C7002258EA /* Products */ = {
			isa = PBXGroup;
			children = (
				A5F8933E2500A8C7002258EA /* IDIllust.app */,
				A5F893542500A8C8002258EA /* IDIllustTests.xctest */,
			);
			name = Products;
			sourceTree = "<group>";
		};
		A5F893402500A8C7002258EA /* IDIllust */ = {
			isa = PBXGroup;
			children = (
				A506C9982542729100E6BCE6 /* Protocols */,
				A53241EF253DAF80004FEF3C /* Errors */,
				A5844AA1253D6A7400A24256 /* Model */,
				A52D704C253D50AF0071613B /* Network */,
				A5511442253B2E700068A4D2 /* Extensions */,
				A5511434253B21F50068A4D2 /* ColorSelectView */,
				A532D2D525050933009361DC /* CustomizeView */,
				A5F9DC842501C78D00DAF991 /* CustomView */,
				A5F9DC872501CFAA00DAF991 /* EntryView */,
				A5F9DC882501CFC800DAF991 /* StoryBoard */,
				A5F893412500A8C7002258EA /* AppDelegate.swift */,
				A5F893432500A8C7002258EA /* SceneDelegate.swift */,
				A5F8934A2500A8C8002258EA /* Assets.xcassets */,
				A5F8934F2500A8C8002258EA /* Info.plist */,
			);
			path = IDIllust;
			sourceTree = "<group>";
		};
		A5F893572500A8C8002258EA /* IDIllustTests */ = {
			isa = PBXGroup;
			children = (
				A50E3AA0254962550004DEA7 /* Extension */,
				A506C99F2542756900E6BCE6 /* Protocol */,
				A5EEC11C253F64640048A13D /* UseCase */,
				A5F8935A2500A8C8002258EA /* Info.plist */,
				A534809A25481E53001C039E /* CategoryComponentManagerTests.swift */,
				A521F0072543DD8B0002031A /* MockNetworkManagers.swift */,
				A5C8D8EE253D5B94002ADD9E /* NetworkTests.swift */,
				A5844A9B253D67B600A24256 /* EndPointTests.swift */,
			);
			path = IDIllustTests;
			sourceTree = "<group>";
		};
		A5F9DC842501C78D00DAF991 /* CustomView */ = {
			isa = PBXGroup;
			children = (
				A5F9DC852501C7A200DAF991 /* BorderPaddingButton.swift */,
				A5511453253B5C540068A4D2 /* CornerRadiusView.swift */,
			);
			path = CustomView;
			sourceTree = "<group>";
		};
		A5F9DC872501CFAA00DAF991 /* EntryView */ = {
			isa = PBXGroup;
			children = (
				A5F893452500A8C7002258EA /* EntryViewController.swift */,
				A5844AA8253D6B0D00A24256 /* EntryImageUseCase.swift */,
			);
			path = EntryView;
			sourceTree = "<group>";
		};
		A5F9DC882501CFC800DAF991 /* StoryBoard */ = {
			isa = PBXGroup;
			children = (
				A5F893472500A8C7002258EA /* Main.storyboard */,
				A5F8934C2500A8C8002258EA /* LaunchScreen.storyboard */,
			);
			path = StoryBoard;
			sourceTree = "<group>";
		};
		DBDADF95D6E23B76BFCE589C /* Pods */ = {
			isa = PBXGroup;
			children = (
				9A72923A735E012E2005AE0D /* Pods-IDIllust.debug.xcconfig */,
				0889157591D15CEC47BF07AC /* Pods-IDIllust.release.xcconfig */,
			);
			path = Pods;
			sourceTree = "<group>";
		};
/* End PBXGroup section */

/* Begin PBXNativeTarget section */
		A5F8933D2500A8C7002258EA /* IDIllust */ = {
			isa = PBXNativeTarget;
			buildConfigurationList = A5F893682500A8C9002258EA /* Build configuration list for PBXNativeTarget "IDIllust" */;
			buildPhases = (
				32E21726E00BB3C50C7FA39F /* [CP] Check Pods Manifest.lock */,
				A5F8933A2500A8C7002258EA /* Sources */,
				A5F8933B2500A8C7002258EA /* Frameworks */,
				A5F8933C2500A8C7002258EA /* Resources */,
				A58EC4B12500AA9A00D5CD90 /* ShellScript */,
				4088DD962FEC06DF3F361829 /* [CP] Embed Pods Frameworks */,
			);
			buildRules = (
			);
			dependencies = (
			);
			name = IDIllust;
			productName = IDIllust;
			productReference = A5F8933E2500A8C7002258EA /* IDIllust.app */;
			productType = "com.apple.product-type.application";
		};
		A5F893532500A8C8002258EA /* IDIllustTests */ = {
			isa = PBXNativeTarget;
			buildConfigurationList = A5F8936B2500A8C9002258EA /* Build configuration list for PBXNativeTarget "IDIllustTests" */;
			buildPhases = (
				A5F893502500A8C8002258EA /* Sources */,
				A5F893512500A8C8002258EA /* Frameworks */,
				A5F893522500A8C8002258EA /* Resources */,
			);
			buildRules = (
			);
			dependencies = (
				A5F893562500A8C8002258EA /* PBXTargetDependency */,
			);
			name = IDIllustTests;
			productName = IDIllustTests;
			productReference = A5F893542500A8C8002258EA /* IDIllustTests.xctest */;
			productType = "com.apple.product-type.bundle.unit-test";
		};
/* End PBXNativeTarget section */

/* Begin PBXProject section */
		A5F893362500A8C7002258EA /* Project object */ = {
			isa = PBXProject;
			attributes = {
				LastSwiftUpdateCheck = 1170;
				LastUpgradeCheck = 1200;
				ORGANIZATIONNAME = "신한섭";
				TargetAttributes = {
					A5F8933D2500A8C7002258EA = {
						CreatedOnToolsVersion = 11.7;
					};
					A5F893532500A8C8002258EA = {
						CreatedOnToolsVersion = 11.7;
						TestTargetID = A5F8933D2500A8C7002258EA;
					};
				};
			};
			buildConfigurationList = A5F893392500A8C7002258EA /* Build configuration list for PBXProject "IDIllust" */;
			compatibilityVersion = "Xcode 9.3";
			developmentRegion = en;
			hasScannedForEncodings = 0;
			knownRegions = (
				en,
				Base,
			);
			mainGroup = A5F893352500A8C7002258EA;
			productRefGroup = A5F8933F2500A8C7002258EA /* Products */;
			projectDirPath = "";
			projectRoot = "";
			targets = (
				A5F8933D2500A8C7002258EA /* IDIllust */,
				A5F893532500A8C8002258EA /* IDIllustTests */,
			);
		};
/* End PBXProject section */

/* Begin PBXResourcesBuildPhase section */
		A5F8933C2500A8C7002258EA /* Resources */ = {
			isa = PBXResourcesBuildPhase;
			buildActionMask = 2147483647;
			files = (
				A5F8934E2500A8C8002258EA /* LaunchScreen.storyboard in Resources */,
				A5F8934B2500A8C8002258EA /* Assets.xcassets in Resources */,
				A5F893492500A8C7002258EA /* Main.storyboard in Resources */,
			);
			runOnlyForDeploymentPostprocessing = 0;
		};
		A5F893522500A8C8002258EA /* Resources */ = {
			isa = PBXResourcesBuildPhase;
			buildActionMask = 2147483647;
			files = (
			);
			runOnlyForDeploymentPostprocessing = 0;
		};
/* End PBXResourcesBuildPhase section */

/* Begin PBXShellScriptBuildPhase section */
		32E21726E00BB3C50C7FA39F /* [CP] Check Pods Manifest.lock */ = {
			isa = PBXShellScriptBuildPhase;
			buildActionMask = 2147483647;
			files = (
			);
			inputFileListPaths = (
			);
			inputPaths = (
				"${PODS_PODFILE_DIR_PATH}/Podfile.lock",
				"${PODS_ROOT}/Manifest.lock",
			);
			name = "[CP] Check Pods Manifest.lock";
			outputFileListPaths = (
			);
			outputPaths = (
				"$(DERIVED_FILE_DIR)/Pods-IDIllust-checkManifestLockResult.txt",
			);
			runOnlyForDeploymentPostprocessing = 0;
			shellPath = /bin/sh;
			shellScript = "diff \"${PODS_PODFILE_DIR_PATH}/Podfile.lock\" \"${PODS_ROOT}/Manifest.lock\" > /dev/null\nif [ $? != 0 ] ; then\n    # print error to STDERR\n    echo \"error: The sandbox is not in sync with the Podfile.lock. Run 'pod install' or update your CocoaPods installation.\" >&2\n    exit 1\nfi\n# This output is used by Xcode 'outputs' to avoid re-running this script phase.\necho \"SUCCESS\" > \"${SCRIPT_OUTPUT_FILE_0}\"\n";
			showEnvVarsInLog = 0;
		};
		4088DD962FEC06DF3F361829 /* [CP] Embed Pods Frameworks */ = {
			isa = PBXShellScriptBuildPhase;
			buildActionMask = 2147483647;
			files = (
			);
			inputFileListPaths = (
				"${PODS_ROOT}/Target Support Files/Pods-IDIllust/Pods-IDIllust-frameworks-${CONFIGURATION}-input-files.xcfilelist",
			);
			name = "[CP] Embed Pods Frameworks";
			outputFileListPaths = (
				"${PODS_ROOT}/Target Support Files/Pods-IDIllust/Pods-IDIllust-frameworks-${CONFIGURATION}-output-files.xcfilelist",
			);
			runOnlyForDeploymentPostprocessing = 0;
			shellPath = /bin/sh;
			shellScript = "\"${PODS_ROOT}/Target Support Files/Pods-IDIllust/Pods-IDIllust-frameworks.sh\"\n";
			showEnvVarsInLog = 0;
		};
		A58EC4B12500AA9A00D5CD90 /* ShellScript */ = {
			isa = PBXShellScriptBuildPhase;
			buildActionMask = 2147483647;
			files = (
			);
			inputFileListPaths = (
			);
			inputPaths = (
			);
			outputFileListPaths = (
			);
			outputPaths = (
			);
			runOnlyForDeploymentPostprocessing = 0;
			shellPath = /bin/sh;
			shellScript = "\"${PODS_ROOT}/SwiftLint/swiftlint\"\n";
		};
/* End PBXShellScriptBuildPhase section */

/* Begin PBXSourcesBuildPhase section */
		A5F8933A2500A8C7002258EA /* Sources */ = {
			isa = PBXSourcesBuildPhase;
			buildActionMask = 2147483647;
			files = (
				A5844AA9253D6B0D00A24256 /* EntryImageUseCase.swift in Sources */,
				A5F893462500A8C7002258EA /* EntryViewController.swift in Sources */,
				A50E3A9B254960750004DEA7 /* ComponentColor.swift in Sources */,
				A5F9DC862501C7A200DAF991 /* BorderPaddingButton.swift in Sources */,
				A5844A98253D66B300A24256 /* EndPoint.swift in Sources */,
				A5844AA4253D6A8600A24256 /* EntryImage.swift in Sources */,
				A5F893422500A8C7002258EA /* AppDelegate.swift in Sources */,
				A5AEDF44253F69700083F3D2 /* UICollectionView.swift in Sources */,
				A532D2D72505094A009361DC /* CustomizeViewController.swift in Sources */,
				A53241F1253DAF8F004FEF3C /* UseCaseError.swift in Sources */,
				A506C98C25426CD100E6BCE6 /* ComponentsUseCase.swift in Sources */,
				A5434F0B2538238D00782F2C /* ComponentCollectionView.swift in Sources */,
				A5AEDF4D253FCDA10083F3D2 /* Component.swift in Sources */,
				A5511454253B5C540068A4D2 /* CornerRadiusView.swift in Sources */,
				A5EDB6142531B90B00E6078B /* CategoryCollectionViewCell.swift in Sources */,
				A5EDB61925321E9C00E6078B /* CategoryCollectionViewDataSource.swift in Sources */,
				A52D705B253D51440071613B /* HTTPHeaders.swift in Sources */,
				A506C99A254272D100E6BCE6 /* RetrieveModelFromServer.swift in Sources */,
				A5EEC115253F63200048A13D /* CategoriesUseCase.swift in Sources */,
				A5511436253B22040068A4D2 /* ColorSelectViewController.swift in Sources */,
				A5511444253B2E880068A4D2 /* UIDevice.swift in Sources */,
				A551143E253B224B0068A4D2 /* ColorSelectCollectionViewCell.swift in Sources */,
				A5F893442500A8C7002258EA /* SceneDelegate.swift in Sources */,
				A52D7056253D51280071613B /* HTTPMethod.swift in Sources */,
				A52D704E253D50FE0071613B /* NetworkManager.swift in Sources */,
				A52D7060253D515A0071613B /* NetworkError.swift in Sources */,
				A5EDB6252532228900E6078B /* ComponentCollectionViewCell.swift in Sources */,
				A52D7065253D51770071613B /* NetworkManageable.swift in Sources */,
				A5EDB61E2532220C00E6078B /* ComponentCollectionViewDataSource.swift in Sources */,
				A5EEC10A253F5FC60048A13D /* Category.swift in Sources */,
				A50E3AA82549660A0004DEA7 /* ModelManageable.swift in Sources */,
				A534809725481E40001C039E /* CategoryComponentManager.swift in Sources */,
			);
			runOnlyForDeploymentPostprocessing = 0;
		};
		A5F893502500A8C8002258EA /* Sources */ = {
			isa = PBXSourcesBuildPhase;
			buildActionMask = 2147483647;
			files = (
				A5C8D8EF253D5B94002ADD9E /* NetworkTests.swift in Sources */,
				A521F0142543FEA00002031A /* ComponentsUseCaseTests.swift in Sources */,
				A53241E8253D9B3D004FEF3C /* EntryImageUseCaseTests.swift in Sources */,
				A50E3AA2254962700004DEA7 /* ComponentColors.swift in Sources */,
				A534809B25481E53001C039E /* CategoryComponentManagerTests.swift in Sources */,
				A5844A9C253D67B600A24256 /* EndPointTests.swift in Sources */,
				A50E3AAC254972AD0004DEA7 /* ModelManageableTests.swift in Sources */,
				A5EEC119253F64620048A13D /* CategoryUseCaseTests.swift in Sources */,
				A521F0082543DD8B0002031A /* MockNetworkManagers.swift in Sources */,
				A506C9A12542758200E6BCE6 /* RetrieveModelFromServerTests.swift in Sources */,
				A5AEDF56253FF3670083F3D2 /* Components.swift in Sources */,
				A521F021254557BB0002031A /* Categories.swift in Sources */,
			);
			runOnlyForDeploymentPostprocessing = 0;
		};
/* End PBXSourcesBuildPhase section */

/* Begin PBXTargetDependency section */
		A5F893562500A8C8002258EA /* PBXTargetDependency */ = {
			isa = PBXTargetDependency;
			target = A5F8933D2500A8C7002258EA /* IDIllust */;
			targetProxy = A5F893552500A8C8002258EA /* PBXContainerItemProxy */;
		};
/* End PBXTargetDependency section */

/* Begin PBXVariantGroup section */
		A5F893472500A8C7002258EA /* Main.storyboard */ = {
			isa = PBXVariantGroup;
			children = (
				A5F893482500A8C7002258EA /* Base */,
			);
			name = Main.storyboard;
			sourceTree = "<group>";
		};
		A5F8934C2500A8C8002258EA /* LaunchScreen.storyboard */ = {
			isa = PBXVariantGroup;
			children = (
				A5F8934D2500A8C8002258EA /* Base */,
			);
			name = LaunchScreen.storyboard;
			sourceTree = "<group>";
		};
/* End PBXVariantGroup section */

/* Begin XCBuildConfiguration section */
		A5F893662500A8C9002258EA /* Debug */ = {
			isa = XCBuildConfiguration;
			buildSettings = {
				ALWAYS_SEARCH_USER_PATHS = NO;
				CLANG_ANALYZER_NONNULL = YES;
				CLANG_ANALYZER_NUMBER_OBJECT_CONVERSION = YES_AGGRESSIVE;
				CLANG_CXX_LANGUAGE_STANDARD = "gnu++14";
				CLANG_CXX_LIBRARY = "libc++";
				CLANG_ENABLE_MODULES = YES;
				CLANG_ENABLE_OBJC_ARC = YES;
				CLANG_ENABLE_OBJC_WEAK = YES;
				CLANG_WARN_BLOCK_CAPTURE_AUTORELEASING = YES;
				CLANG_WARN_BOOL_CONVERSION = YES;
				CLANG_WARN_COMMA = YES;
				CLANG_WARN_CONSTANT_CONVERSION = YES;
				CLANG_WARN_DEPRECATED_OBJC_IMPLEMENTATIONS = YES;
				CLANG_WARN_DIRECT_OBJC_ISA_USAGE = YES_ERROR;
				CLANG_WARN_DOCUMENTATION_COMMENTS = YES;
				CLANG_WARN_EMPTY_BODY = YES;
				CLANG_WARN_ENUM_CONVERSION = YES;
				CLANG_WARN_INFINITE_RECURSION = YES;
				CLANG_WARN_INT_CONVERSION = YES;
				CLANG_WARN_NON_LITERAL_NULL_CONVERSION = YES;
				CLANG_WARN_OBJC_IMPLICIT_RETAIN_SELF = YES;
				CLANG_WARN_OBJC_LITERAL_CONVERSION = YES;
				CLANG_WARN_OBJC_ROOT_CLASS = YES_ERROR;
				CLANG_WARN_QUOTED_INCLUDE_IN_FRAMEWORK_HEADER = YES;
				CLANG_WARN_RANGE_LOOP_ANALYSIS = YES;
				CLANG_WARN_STRICT_PROTOTYPES = YES;
				CLANG_WARN_SUSPICIOUS_MOVE = YES;
				CLANG_WARN_UNGUARDED_AVAILABILITY = YES_AGGRESSIVE;
				CLANG_WARN_UNREACHABLE_CODE = YES;
				CLANG_WARN__DUPLICATE_METHOD_MATCH = YES;
				COPY_PHASE_STRIP = NO;
				DEBUG_INFORMATION_FORMAT = dwarf;
				ENABLE_STRICT_OBJC_MSGSEND = YES;
				ENABLE_TESTABILITY = YES;
				GCC_C_LANGUAGE_STANDARD = gnu11;
				GCC_DYNAMIC_NO_PIC = NO;
				GCC_NO_COMMON_BLOCKS = YES;
				GCC_OPTIMIZATION_LEVEL = 0;
				GCC_PREPROCESSOR_DEFINITIONS = (
					"DEBUG=1",
					"$(inherited)",
				);
				GCC_WARN_64_TO_32_BIT_CONVERSION = YES;
				GCC_WARN_ABOUT_RETURN_TYPE = YES_ERROR;
				GCC_WARN_UNDECLARED_SELECTOR = YES;
				GCC_WARN_UNINITIALIZED_AUTOS = YES_AGGRESSIVE;
				GCC_WARN_UNUSED_FUNCTION = YES;
				GCC_WARN_UNUSED_VARIABLE = YES;
				IPHONEOS_DEPLOYMENT_TARGET = 13.6;
				MTL_ENABLE_DEBUG_INFO = INCLUDE_SOURCE;
				MTL_FAST_MATH = YES;
				ONLY_ACTIVE_ARCH = YES;
				SDKROOT = iphoneos;
				SWIFT_ACTIVE_COMPILATION_CONDITIONS = DEBUG;
				SWIFT_OPTIMIZATION_LEVEL = "-Onone";
			};
			name = Debug;
		};
		A5F893672500A8C9002258EA /* Release */ = {
			isa = XCBuildConfiguration;
			buildSettings = {
				ALWAYS_SEARCH_USER_PATHS = NO;
				CLANG_ANALYZER_NONNULL = YES;
				CLANG_ANALYZER_NUMBER_OBJECT_CONVERSION = YES_AGGRESSIVE;
				CLANG_CXX_LANGUAGE_STANDARD = "gnu++14";
				CLANG_CXX_LIBRARY = "libc++";
				CLANG_ENABLE_MODULES = YES;
				CLANG_ENABLE_OBJC_ARC = YES;
				CLANG_ENABLE_OBJC_WEAK = YES;
				CLANG_WARN_BLOCK_CAPTURE_AUTORELEASING = YES;
				CLANG_WARN_BOOL_CONVERSION = YES;
				CLANG_WARN_COMMA = YES;
				CLANG_WARN_CONSTANT_CONVERSION = YES;
				CLANG_WARN_DEPRECATED_OBJC_IMPLEMENTATIONS = YES;
				CLANG_WARN_DIRECT_OBJC_ISA_USAGE = YES_ERROR;
				CLANG_WARN_DOCUMENTATION_COMMENTS = YES;
				CLANG_WARN_EMPTY_BODY = YES;
				CLANG_WARN_ENUM_CONVERSION = YES;
				CLANG_WARN_INFINITE_RECURSION = YES;
				CLANG_WARN_INT_CONVERSION = YES;
				CLANG_WARN_NON_LITERAL_NULL_CONVERSION = YES;
				CLANG_WARN_OBJC_IMPLICIT_RETAIN_SELF = YES;
				CLANG_WARN_OBJC_LITERAL_CONVERSION = YES;
				CLANG_WARN_OBJC_ROOT_CLASS = YES_ERROR;
				CLANG_WARN_QUOTED_INCLUDE_IN_FRAMEWORK_HEADER = YES;
				CLANG_WARN_RANGE_LOOP_ANALYSIS = YES;
				CLANG_WARN_STRICT_PROTOTYPES = YES;
				CLANG_WARN_SUSPICIOUS_MOVE = YES;
				CLANG_WARN_UNGUARDED_AVAILABILITY = YES_AGGRESSIVE;
				CLANG_WARN_UNREACHABLE_CODE = YES;
				CLANG_WARN__DUPLICATE_METHOD_MATCH = YES;
				COPY_PHASE_STRIP = NO;
				DEBUG_INFORMATION_FORMAT = "dwarf-with-dsym";
				ENABLE_NS_ASSERTIONS = NO;
				ENABLE_STRICT_OBJC_MSGSEND = YES;
				GCC_C_LANGUAGE_STANDARD = gnu11;
				GCC_NO_COMMON_BLOCKS = YES;
				GCC_WARN_64_TO_32_BIT_CONVERSION = YES;
				GCC_WARN_ABOUT_RETURN_TYPE = YES_ERROR;
				GCC_WARN_UNDECLARED_SELECTOR = YES;
				GCC_WARN_UNINITIALIZED_AUTOS = YES_AGGRESSIVE;
				GCC_WARN_UNUSED_FUNCTION = YES;
				GCC_WARN_UNUSED_VARIABLE = YES;
				IPHONEOS_DEPLOYMENT_TARGET = 13.6;
				MTL_ENABLE_DEBUG_INFO = NO;
				MTL_FAST_MATH = YES;
				SDKROOT = iphoneos;
				SWIFT_COMPILATION_MODE = wholemodule;
				SWIFT_OPTIMIZATION_LEVEL = "-O";
				VALIDATE_PRODUCT = YES;
			};
			name = Release;
		};
		A5F893692500A8C9002258EA /* Debug */ = {
			isa = XCBuildConfiguration;
			baseConfigurationReference = 9A72923A735E012E2005AE0D /* Pods-IDIllust.debug.xcconfig */;
			buildSettings = {
				ASSETCATALOG_COMPILER_APPICON_NAME = AppIcon;
				CODE_SIGN_STYLE = Automatic;
				DEVELOPMENT_TEAM = B3PWYBKFUK;
				INFOPLIST_FILE = IDIllust/Info.plist;
				LD_RUNPATH_SEARCH_PATHS = (
					"$(inherited)",
					"@executable_path/Frameworks",
				);
				PRODUCT_BUNDLE_IDENTIFIER = com.hanseop.IDIllust;
				PRODUCT_NAME = "$(TARGET_NAME)";
				SWIFT_VERSION = 5.0;
				TARGETED_DEVICE_FAMILY = 1;
			};
			name = Debug;
		};
		A5F8936A2500A8C9002258EA /* Release */ = {
			isa = XCBuildConfiguration;
			baseConfigurationReference = 0889157591D15CEC47BF07AC /* Pods-IDIllust.release.xcconfig */;
			buildSettings = {
				ASSETCATALOG_COMPILER_APPICON_NAME = AppIcon;
				CODE_SIGN_STYLE = Automatic;
				DEVELOPMENT_TEAM = B3PWYBKFUK;
				INFOPLIST_FILE = IDIllust/Info.plist;
				LD_RUNPATH_SEARCH_PATHS = (
					"$(inherited)",
					"@executable_path/Frameworks",
				);
				PRODUCT_BUNDLE_IDENTIFIER = com.hanseop.IDIllust;
				PRODUCT_NAME = "$(TARGET_NAME)";
				SWIFT_VERSION = 5.0;
				TARGETED_DEVICE_FAMILY = 1;
			};
			name = Release;
		};
		A5F8936C2500A8C9002258EA /* Debug */ = {
			isa = XCBuildConfiguration;
			buildSettings = {
				ALWAYS_EMBED_SWIFT_STANDARD_LIBRARIES = YES;
				BUNDLE_LOADER = "$(TEST_HOST)";
				CODE_SIGN_STYLE = Automatic;
				DEVELOPMENT_TEAM = B3PWYBKFUK;
				INFOPLIST_FILE = IDIllustTests/Info.plist;
				IPHONEOS_DEPLOYMENT_TARGET = 13.7;
				LD_RUNPATH_SEARCH_PATHS = (
					"$(inherited)",
					"@executable_path/Frameworks",
					"@loader_path/Frameworks",
				);
				PRODUCT_BUNDLE_IDENTIFIER = com.hanseop.IDIllustTests;
				PRODUCT_NAME = "$(TARGET_NAME)";
				SWIFT_VERSION = 5.0;
				TARGETED_DEVICE_FAMILY = "1,2";
				TEST_HOST = "$(BUILT_PRODUCTS_DIR)/IDIllust.app/IDIllust";
			};
			name = Debug;
		};
		A5F8936D2500A8C9002258EA /* Release */ = {
			isa = XCBuildConfiguration;
			buildSettings = {
				ALWAYS_EMBED_SWIFT_STANDARD_LIBRARIES = YES;
				BUNDLE_LOADER = "$(TEST_HOST)";
				CODE_SIGN_STYLE = Automatic;
				DEVELOPMENT_TEAM = B3PWYBKFUK;
				INFOPLIST_FILE = IDIllustTests/Info.plist;
				IPHONEOS_DEPLOYMENT_TARGET = 13.7;
				LD_RUNPATH_SEARCH_PATHS = (
					"$(inherited)",
					"@executable_path/Frameworks",
					"@loader_path/Frameworks",
				);
				PRODUCT_BUNDLE_IDENTIFIER = com.hanseop.IDIllustTests;
				PRODUCT_NAME = "$(TARGET_NAME)";
				SWIFT_VERSION = 5.0;
				TARGETED_DEVICE_FAMILY = "1,2";
				TEST_HOST = "$(BUILT_PRODUCTS_DIR)/IDIllust.app/IDIllust";
			};
			name = Release;
		};
/* End XCBuildConfiguration section */

/* Begin XCConfigurationList section */
		A5F893392500A8C7002258EA /* Build configuration list for PBXProject "IDIllust" */ = {
			isa = XCConfigurationList;
			buildConfigurations = (
				A5F893662500A8C9002258EA /* Debug */,
				A5F893672500A8C9002258EA /* Release */,
			);
			defaultConfigurationIsVisible = 0;
			defaultConfigurationName = Release;
		};
		A5F893682500A8C9002258EA /* Build configuration list for PBXNativeTarget "IDIllust" */ = {
			isa = XCConfigurationList;
			buildConfigurations = (
				A5F893692500A8C9002258EA /* Debug */,
				A5F8936A2500A8C9002258EA /* Release */,
			);
			defaultConfigurationIsVisible = 0;
			defaultConfigurationName = Release;
		};
		A5F8936B2500A8C9002258EA /* Build configuration list for PBXNativeTarget "IDIllustTests" */ = {
			isa = XCConfigurationList;
			buildConfigurations = (
				A5F8936C2500A8C9002258EA /* Debug */,
				A5F8936D2500A8C9002258EA /* Release */,
			);
			defaultConfigurationIsVisible = 0;
			defaultConfigurationName = Release;
		};
/* End XCConfigurationList section */
	};
	rootObject = A5F893362500A8C7002258EA /* Project object */;
}
